
Microsoft Visual Studio Solution File, Format Version 12.00
# Visual Studio Version 17
VisualStudioVersion = 17.2.32602.215
MinimumVisualStudioVersion = 10.0.40219.1
Project("{FAE04EC0-301F-11D3-BF4B-00C04F79EFBC}") = "SharedDLL", "SharedDLL\SharedDLL.csproj", "{A8B90B76-7A89-4F41-AAF4-B74D201D8347}"
EndProject
Project("{FAE04EC0-301F-11D3-BF4B-00C04F79EFBC}") = "Order.API", "Order.API\Order.API.csproj", "{537EDB91-4669-481A-9247-FB6F672EE9AA}"
EndProject
Global
	GlobalSection(SolutionConfigurationPlatforms) = preSolution
		Debug|Any CPU = Debug|Any CPU
		Release|Any CPU = Release|Any CPU
	EndGlobalSection
	GlobalSection(ProjectConfigurationPlatforms) = postSolution
		{A8B90B76-7A89-4F41-AAF4-B74D201D8347}.Debug|Any CPU.ActiveCfg = Debug|Any CPU
		{A8B90B76-7A89-4F41-AAF4-B74D201D8347}.Debug|Any CPU.Build.0 = Debug|Any CPU
		{A8B90B76-7A89-4F41-AAF4-B74D201D8347}.Release|Any CPU.ActiveCfg = Release|Any CPU
		{A8B90B76-7A89-4F41-AAF4-B74D201D8347}.Release|Any CPU.Build.0 = Release|Any CPU
		{537EDB91-4669-481A-9247-FB6F672EE9AA}.Debug|Any CPU.ActiveCfg = Debug|Any CPU
		{537EDB91-4669-481A-9247-FB6F672EE9AA}.Debug|Any CPU.Build.0 = Debug|Any CPU
		{537EDB91-4669-481A-9247-FB6F672EE9AA}.Release|Any CPU.ActiveCfg = Release|Any CPU
		{537EDB91-4669-481A-9247-FB6F672EE9AA}.Release|Any CPU.Build.0 = Release|Any CPU
	EndGlobalSection
	GlobalSection(SolutionProperties) = preSolution
		HideSolutionNode = FALSE
	EndGlobalSection
	GlobalSection(ExtensibilityGlobals) = postSolution
		SolutionGuid = {B1EA1CFB-7497-4A88-B0F7-511F9FDCF62C}
	EndGlobalSection
EndGlobal
